{
  "name": "zephyr",
  "version": "1.0.0",
  "lockfileVersion": 3,
  "requires": true,
  "packages": {
    "": {
      "name": "zephyr",
      "version": "1.0.0",
      "license": "ISC",
      "dependencies": {
        "gridstack": "^10.2.0"
      }
    },
    "node_modules/gridstack": {
      "version": "10.2.0",
      "resolved": "https://registry.npmjs.org/gridstack/-/gridstack-10.2.0.tgz",
      "integrity": "sha512-svKAOq/dfinpvhe/nnxdyZOOEd9qynXiOPHvL96PALE0yWChWp/6lechnqKwud0tL/rRyAfMJ6Hh/z2fS13pBA==",
      "funding": [
        {
          "type": "paypal",
          "url": "https://www.paypal.me/alaind831"
        },
        {
          "type": "venmo",
          "url": "https://www.venmo.com/adumesny"
        }
      ]
    }
  }
}
